
Microsoft Visual Studio Solution File, Format Version 12.00
# Visual Studio Version 17
VisualStudioVersion = 17.4.33205.214
MinimumVisualStudioVersion = 10.0.40219.1
Project("{FAE04EC0-301F-11D3-BF4B-00C04F79EFBC}") = "NZWalkApi", "NZWalkApi\NZWalkApi.csproj", "{FAEE4230-4D3E-4E6A-AB24-D666309ABF62}"
EndProject
Global
	GlobalSection(SolutionConfigurationPlatforms) = preSolution
		Debug|Any CPU = Debug|Any CPU
		Release|Any CPU = Release|Any CPU
	EndGlobalSection
	GlobalSection(ProjectConfigurationPlatforms) = postSolution
		{FAEE4230-4D3E-4E6A-AB24-D666309ABF62}.Debug|Any CPU.ActiveCfg = Debug|Any CPU
		{FAEE4230-4D3E-4E6A-AB24-D666309ABF62}.Debug|Any CPU.Build.0 = Debug|Any CPU
		{FAEE4230-4D3E-4E6A-AB24-D666309ABF62}.Release|Any CPU.ActiveCfg = Release|Any CPU
		{FAEE4230-4D3E-4E6A-AB24-D666309ABF62}.Release|Any CPU.Build.0 = Release|Any CPU
	EndGlobalSection
	GlobalSection(SolutionProperties) = preSolution
		HideSolutionNode = FALSE
	EndGlobalSection
	GlobalSection(ExtensibilityGlobals) = postSolution
		SolutionGuid = {24E3D837-E9D7-4D33-A7C5-25B168BAA283}
	EndGlobalSection
EndGlobal
